
Microsoft Visual Studio Solution File, Format Version 12.00
# Visual Studio 15
VisualStudioVersion = 15.0.27703.2042
MinimumVisualStudioVersion = 10.0.40219.1
Project("{FAE04EC0-301F-11D3-BF4B-00C04F79EFBC}") = "SantaLucia", "SantaLucia\SantaLucia.csproj", "{C8492748-7275-40EA-B0FD-67AC0B02D2CE}"
EndProject
Global
	GlobalSection(SolutionConfigurationPlatforms) = preSolution
		Debug|Any CPU = Debug|Any CPU
		Release|Any CPU = Release|Any CPU
	EndGlobalSection
	GlobalSection(ProjectConfigurationPlatforms) = postSolution
		{C8492748-7275-40EA-B0FD-67AC0B02D2CE}.Debug|Any CPU.ActiveCfg = Debug|Any CPU
		{C8492748-7275-40EA-B0FD-67AC0B02D2CE}.Debug|Any CPU.Build.0 = Debug|Any CPU
		{C8492748-7275-40EA-B0FD-67AC0B02D2CE}.Release|Any CPU.ActiveCfg = Release|Any CPU
		{C8492748-7275-40EA-B0FD-67AC0B02D2CE}.Release|Any CPU.Build.0 = Release|Any CPU
	EndGlobalSection
	GlobalSection(SolutionProperties) = preSolution
		HideSolutionNode = FALSE
	EndGlobalSection
	GlobalSection(ExtensibilityGlobals) = postSolution
		SolutionGuid = {0A39C75A-D3D1-4FBA-BCFE-FBE94C2469DC}
	EndGlobalSection
EndGlobal
